{
  "name": "tests-techniques",
  "version": "1.0.0",
  "lockfileVersion": 2,
  "requires": true,
  "packages": {
    "": {
      "name": "tests-techniques",
      "version": "1.0.0",
      "license": "ISC",
      "dependencies": {
        "gsap": "file:./libs/gsap-bonus.tgz"
      }
    },
    "node_modules/gsap": {
      "version": "3.9.1",
      "resolved": "file:libs/gsap-bonus.tgz",
      "integrity": "sha512-AkVycF1AK9LzGtuCdIL2ZLI3uMBd64hLkKoKKk4nbFoTsfjF8Sx7jrR/H9tF0qwybsTU+GPXSoIXfBQwDwW79A==",
      "license": "This package should only be used by individuals/companies with an active Club GreenSock membership. See https://greensock.com/club/. Licensing: https://greensock.com/licensing/"
    }
  },
  "dependencies": {
    "gsap": {
      "version": "file:libs\\gsap-bonus.tgz",
      "integrity": "sha512-AkVycF1AK9LzGtuCdIL2ZLI3uMBd64hLkKoKKk4nbFoTsfjF8Sx7jrR/H9tF0qwybsTU+GPXSoIXfBQwDwW79A=="
    }
  }
}
